
Microsoft Visual Studio Solution File, Format Version 12.00
# Visual Studio 15
VisualStudioVersion = 15.0.28307.757
MinimumVisualStudioVersion = 10.0.40219.1
Project("{FAE04EC0-301F-11D3-BF4B-00C04F79EFBC}") = "CommImportCompare", "CommImportCompare\CommImportCompare.csproj", "{62B61D48-4CE2-4A10-A2A0-0899B148F71F}"
EndProject
Global
	GlobalSection(SolutionConfigurationPlatforms) = preSolution
		Debug|Any CPU = Debug|Any CPU
		Debug|x64 = Debug|x64
		Release|Any CPU = Release|Any CPU
		Release|x64 = Release|x64
	EndGlobalSection
	GlobalSection(ProjectConfigurationPlatforms) = postSolution
		{62B61D48-4CE2-4A10-A2A0-0899B148F71F}.Debug|Any CPU.ActiveCfg = Debug|Any CPU
		{62B61D48-4CE2-4A10-A2A0-0899B148F71F}.Debug|Any CPU.Build.0 = Debug|Any CPU
		{62B61D48-4CE2-4A10-A2A0-0899B148F71F}.Debug|x64.ActiveCfg = Debug|x64
		{62B61D48-4CE2-4A10-A2A0-0899B148F71F}.Debug|x64.Build.0 = Debug|x64
		{62B61D48-4CE2-4A10-A2A0-0899B148F71F}.Release|Any CPU.ActiveCfg = Release|Any CPU
		{62B61D48-4CE2-4A10-A2A0-0899B148F71F}.Release|Any CPU.Build.0 = Release|Any CPU
		{62B61D48-4CE2-4A10-A2A0-0899B148F71F}.Release|x64.ActiveCfg = Release|x64
		{62B61D48-4CE2-4A10-A2A0-0899B148F71F}.Release|x64.Build.0 = Release|x64
	EndGlobalSection
	GlobalSection(SolutionProperties) = preSolution
		HideSolutionNode = FALSE
	EndGlobalSection
	GlobalSection(ExtensibilityGlobals) = postSolution
		SolutionGuid = {CE3B26C4-1C24-4209-9D6F-FF5891D2AB9B}
	EndGlobalSection
EndGlobal
